// !$*UTF8*$!
{
	archiveVersion = 1;
	classes = {
	};
	objectVersion = 77;
	objects = {

/* Begin PBXContainerItemProxy section */
		5EE0EA2D2D9B3AE8007749F7 /* PBXContainerItemProxy */ = {
			isa = PBXContainerItemProxy;
			containerPortal = 5EE0EA172D9B3AE6007749F7 /* Project object */;
			proxyType = 1;
			remoteGlobalIDString = 5EE0EA1E2D9B3AE6007749F7;
			remoteInfo = "Minimalist Notebooks";
		};
		5EE0EA372D9B3AE8007749F7 /* PBXContainerItemProxy */ = {
			isa = PBXContainerItemProxy;
			containerPortal = 5EE0EA172D9B3AE6007749F7 /* Project object */;
			proxyType = 1;
			remoteGlobalIDString = 5EE0EA1E2D9B3AE6007749F7;
			remoteInfo = "Minimalist Notebooks";
		};
/* End PBXContainerItemProxy section */

/* Begin PBXFileReference section */
		5EE0EA1F2D9B3AE6007749F7 /* Minimalist Notebooks.app */ = {isa = PBXFileReference; explicitFileType = wrapper.application; includeInIndex = 0; path = "Minimalist Notebooks.app"; sourceTree = BUILT_PRODUCTS_DIR; };
		5EE0EA2C2D9B3AE8007749F7 /* Minimalist NotebooksTests.xctest */ = {isa = PBXFileReference; explicitFileType = wrapper.cfbundle; includeInIndex = 0; path = "Minimalist NotebooksTests.xctest"; sourceTree = BUILT_PRODUCTS_DIR; };
		5EE0EA362D9B3AE8007749F7 /* Minimalist NotebooksUITests.xctest */ = {isa = PBXFileReference; explicitFileType = wrapper.cfbundle; includeInIndex = 0; path = "Minimalist NotebooksUITests.xctest"; sourceTree = BUILT_PRODUCTS_DIR; };
/* End PBXFileReference section */

/* Begin PBXFileSystemSynchronizedRootGroup section */
		5EE0EA212D9B3AE6007749F7 /* Minimalist Notebooks */ = {
			isa = PBXFileSystemSynchronizedRootGroup;
			path = "Minimalist Notebooks";
			sourceTree = "<group>";
		};
		5EE0EA2F2D9B3AE8007749F7 /* Minimalist NotebooksTests */ = {
			isa = PBXFileSystemSynchronizedRootGroup;
			path = "Minimalist NotebooksTests";
			sourceTree = "<group>";
		};
		5EE0EA392D9B3AE8007749F7 /* Minimalist NotebooksUITests */ = {
			isa = PBXFileSystemSynchronizedRootGroup;
			path = "Minimalist NotebooksUITests";
			sourceTree = "<group>";
		};
/* End PBXFileSystemSynchronizedRootGroup section */

/* Begin PBXFrameworksBuildPhase section */
		5EE0EA1C2D9B3AE6007749F7 /* Frameworks */ = {
			isa = PBXFrameworksBuildPhase;
			buildActionMask = 2147483647;
			files = (
			);
			runOnlyForDeploymentPostprocessing = 0;
		};
		5EE0EA292D9B3AE8007749F7 /* Frameworks */ = {
			isa = PBXFrameworksBuildPhase;
			buildActionMask = 2147483647;
			files = (
			);
			runOnlyForDeploymentPostprocessing = 0;
		};
		5EE0EA332D9B3AE8007749F7 /* Frameworks */ = {
			isa = PBXFrameworksBuildPhase;
			buildActionMask = 2147483647;
			files = (
			);
			runOnlyForDeploymentPostprocessing = 0;
		};
/* End PBXFrameworksBuildPhase section */

/* Begin PBXGroup section */
		5EE0EA162D9B3AE6007749F7 = {
			isa = PBXGroup;
			children = (
				5EE0EA212D9B3AE6007749F7 /* Minimalist Notebooks */,
				5EE0EA2F2D9B3AE8007749F7 /* Minimalist NotebooksTests */,
				5EE0EA392D9B3AE8007749F7 /* Minimalist NotebooksUITests */,
				5EE0EA202D9B3AE6007749F7 /* Products */,
			);
			sourceTree = "<group>";
		};
		5EE0EA202D9B3AE6007749F7 /* Products */ = {
			isa = PBXGroup;
			children = (
				5EE0EA1F2D9B3AE6007749F7 /* Minimalist Notebooks.app */,
				5EE0EA2C2D9B3AE8007749F7 /* Minimalist NotebooksTests.xctest */,
				5EE0EA362D9B3AE8007749F7 /* Minimalist NotebooksUITests.xctest */,
			);
			name = Products;
			sourceTree = "<group>";
		};
/* End PBXGroup section */

/* Begin PBXNativeTarget section */
		5EE0EA1E2D9B3AE6007749F7 /* Minimalist Notebooks */ = {
			isa = PBXNativeTarget;
			buildConfigurationList = 5EE0EA402D9B3AE8007749F7 /* Build configuration list for PBXNativeTarget "Minimalist Notebooks" */;
			buildPhases = (
				5EE0EA1B2D9B3AE6007749F7 /* Sources */,
				5EE0EA1C2D9B3AE6007749F7 /* Frameworks */,
				5EE0EA1D2D9B3AE6007749F7 /* Resources */,
			);
			buildRules = (
			);
			dependencies = (
			);
			fileSystemSynchronizedGroups = (
				5EE0EA212D9B3AE6007749F7 /* Minimalist Notebooks */,
			);
			name = "Minimalist Notebooks";
			packageProductDependencies = (
			);
			productName = "Minimalist Notebooks";
			productReference = 5EE0EA1F2D9B3AE6007749F7 /* Minimalist Notebooks.app */;
			productType = "com.apple.product-type.application";
		};
		5EE0EA2B2D9B3AE8007749F7 /* Minimalist NotebooksTests */ = {
			isa = PBXNativeTarget;
			buildConfigurationList = 5EE0EA432D9B3AE8007749F7 /* Build configuration list for PBXNativeTarget "Minimalist NotebooksTests" */;
			buildPhases = (
				5EE0EA282D9B3AE8007749F7 /* Sources */,
				5EE0EA292D9B3AE8007749F7 /* Frameworks */,
				5EE0EA2A2D9B3AE8007749F7 /* Resources */,
			);
			buildRules = (
			);
			dependencies = (
				5EE0EA2E2D9B3AE8007749F7 /* PBXTargetDependency */,
			);
			fileSystemSynchronizedGroups = (
				5EE0EA2F2D9B3AE8007749F7 /* Minimalist NotebooksTests */,
			);
			name = "Minimalist NotebooksTests";
			packageProductDependencies = (
			);
			productName = "Minimalist NotebooksTests";
			productReference = 5EE0EA2C2D9B3AE8007749F7 /* Minimalist NotebooksTests.xctest */;
			productType = "com.apple.product-type.bundle.unit-test";
		};
		5EE0EA352D9B3AE8007749F7 /* Minimalist NotebooksUITests */ = {
			isa = PBXNativeTarget;
			buildConfigurationList = 5EE0EA462D9B3AE8007749F7 /* Build configuration list for PBXNativeTarget "Minimalist NotebooksUITests" */;
			buildPhases = (
				5EE0EA322D9B3AE8007749F7 /* Sources */,
				5EE0EA332D9B3AE8007749F7 /* Frameworks */,
				5EE0EA342D9B3AE8007749F7 /* Resources */,
			);
			buildRules = (
			);
			dependencies = (
				5EE0EA382D9B3AE8007749F7 /* PBXTargetDependency */,
			);
			fileSystemSynchronizedGroups = (
				5EE0EA392D9B3AE8007749F7 /* Minimalist NotebooksUITests */,
			);
			name = "Minimalist NotebooksUITests";
			packageProductDependencies = (
			);
			productName = "Minimalist NotebooksUITests";
			productReference = 5EE0EA362D9B3AE8007749F7 /* Minimalist NotebooksUITests.xctest */;
			productType = "com.apple.product-type.bundle.ui-testing";
		};
/* End PBXNativeTarget section */

/* Begin PBXProject section */
		5EE0EA172D9B3AE6007749F7 /* Project object */ = {
			isa = PBXProject;
			attributes = {
				BuildIndependentTargetsInParallel = 1;
				LastSwiftUpdateCheck = 1630;
				LastUpgradeCheck = 1630;
				TargetAttributes = {
					5EE0EA1E2D9B3AE6007749F7 = {
						CreatedOnToolsVersion = 16.3;
					};
					5EE0EA2B2D9B3AE8007749F7 = {
						CreatedOnToolsVersion = 16.3;
						TestTargetID = 5EE0EA1E2D9B3AE6007749F7;
					};
					5EE0EA352D9B3AE8007749F7 = {
						CreatedOnToolsVersion = 16.3;
						TestTargetID = 5EE0EA1E2D9B3AE6007749F7;
					};
				};
			};
			buildConfigurationList = 5EE0EA1A2D9B3AE6007749F7 /* Build configuration list for PBXProject "Minimalist Notebooks" */;
			developmentRegion = en;
			hasScannedForEncodings = 0;
			knownRegions = (
				en,
				Base,
			);
			mainGroup = 5EE0EA162D9B3AE6007749F7;
			minimizedProjectReferenceProxies = 1;
			preferredProjectObjectVersion = 77;
			productRefGroup = 5EE0EA202D9B3AE6007749F7 /* Products */;
			projectDirPath = "";
			projectRoot = "";
			targets = (
				5EE0EA1E2D9B3AE6007749F7 /* Minimalist Notebooks */,
				5EE0EA2B2D9B3AE8007749F7 /* Minimalist NotebooksTests */,
				5EE0EA352D9B3AE8007749F7 /* Minimalist NotebooksUITests */,
			);
		};
/* End PBXProject section */

/* Begin PBXResourcesBuildPhase section */
		5EE0EA1D2D9B3AE6007749F7 /* Resources */ = {
			isa = PBXResourcesBuildPhase;
			buildActionMask = 2147483647;
			files = (
			);
			runOnlyForDeploymentPostprocessing = 0;
		};
		5EE0EA2A2D9B3AE8007749F7 /* Resources */ = {
			isa = PBXResourcesBuildPhase;
			buildActionMask = 2147483647;
			files = (
			);
			runOnlyForDeploymentPostprocessing = 0;
		};
		5EE0EA342D9B3AE8007749F7 /* Resources */ = {
			isa = PBXResourcesBuildPhase;
			buildActionMask = 2147483647;
			files = (
			);
			runOnlyForDeploymentPostprocessing = 0;
		};
/* End PBXResourcesBuildPhase section */

/* Begin PBXSourcesBuildPhase section */
		5EE0EA1B2D9B3AE6007749F7 /* Sources */ = {
			isa = PBXSourcesBuildPhase;
			buildActionMask = 2147483647;
			files = (
			);
			runOnlyForDeploymentPostprocessing = 0;
		};
		5EE0EA282D9B3AE8007749F7 /* Sources */ = {
			isa = PBXSourcesBuildPhase;
			buildActionMask = 2147483647;
			files = (
			);
			runOnlyForDeploymentPostprocessing = 0;
		};
		5EE0EA322D9B3AE8007749F7 /* Sources */ = {
			isa = PBXSourcesBuildPhase;
			buildActionMask = 2147483647;
			files = (
			);
			runOnlyForDeploymentPostprocessing = 0;
		};
/* End PBXSourcesBuildPhase section */

/* Begin PBXTargetDependency section */
		5EE0EA2E2D9B3AE8007749F7 /* PBXTargetDependency */ = {
			isa = PBXTargetDependency;
			target = 5EE0EA1E2D9B3AE6007749F7 /* Minimalist Notebooks */;
			targetProxy = 5EE0EA2D2D9B3AE8007749F7 /* PBXContainerItemProxy */;
		};
		5EE0EA382D9B3AE8007749F7 /* PBXTargetDependency */ = {
			isa = PBXTargetDependency;
			target = 5EE0EA1E2D9B3AE6007749F7 /* Minimalist Notebooks */;
			targetProxy = 5EE0EA372D9B3AE8007749F7 /* PBXContainerItemProxy */;
		};
/* End PBXTargetDependency section */

/* Begin XCBuildConfiguration section */
		5EE0EA3E2D9B3AE8007749F7 /* Debug */ = {
			isa = XCBuildConfiguration;
			buildSettings = {
				ALWAYS_SEARCH_USER_PATHS = NO;
				ASSETCATALOG_COMPILER_GENERATE_SWIFT_ASSET_SYMBOL_EXTENSIONS = YES;
				CLANG_ANALYZER_NONNULL = YES;
				CLANG_ANALYZER_NUMBER_OBJECT_CONVERSION = YES_AGGRESSIVE;
				CLANG_CXX_LANGUAGE_STANDARD = "gnu++20";
				CLANG_ENABLE_MODULES = YES;
				CLANG_ENABLE_OBJC_ARC = YES;
				CLANG_ENABLE_OBJC_WEAK = YES;
				CLANG_WARN_BLOCK_CAPTURE_AUTORELEASING = YES;
				CLANG_WARN_BOOL_CONVERSION = YES;
				CLANG_WARN_COMMA = YES;
				CLANG_WARN_CONSTANT_CONVERSION = YES;
				CLANG_WARN_DEPRECATED_OBJC_IMPLEMENTATIONS = YES;
				CLANG_WARN_DIRECT_OBJC_ISA_USAGE = YES_ERROR;
				CLANG_WARN_DOCUMENTATION_COMMENTS = YES;
				CLANG_WARN_EMPTY_BODY = YES;
				CLANG_WARN_ENUM_CONVERSION = YES;
				CLANG_WARN_INFINITE_RECURSION = YES;
				CLANG_WARN_INT_CONVERSION = YES;
				CLANG_WARN_NON_LITERAL_NULL_CONVERSION = YES;
				CLANG_WARN_OBJC_IMPLICIT_RETAIN_SELF = YES;
				CLANG_WARN_OBJC_LITERAL_CONVERSION = YES;
				CLANG_WARN_OBJC_ROOT_CLASS = YES_ERROR;
				CLANG_WARN_QUOTED_INCLUDE_IN_FRAMEWORK_HEADER = YES;
				CLANG_WARN_RANGE_LOOP_ANALYSIS = YES;
				CLANG_WARN_STRICT_PROTOTYPES = YES;
				CLANG_WARN_SUSPICIOUS_MOVE = YES;
				CLANG_WARN_UNGUARDED_AVAILABILITY = YES_AGGRESSIVE;
				CLANG_WARN_UNREACHABLE_CODE = YES;
				CLANG_WARN__DUPLICATE_METHOD_MATCH = YES;
				COPY_PHASE_STRIP = NO;
				DEBUG_INFORMATION_FORMAT = dwarf;
				ENABLE_STRICT_OBJC_MSGSEND = YES;
				ENABLE_TESTABILITY = YES;
				ENABLE_USER_SCRIPT_SANDBOXING = YES;
				GCC_C_LANGUAGE_STANDARD = gnu17;
				GCC_DYNAMIC_NO_PIC = NO;
				GCC_NO_COMMON_BLOCKS = YES;
				GCC_OPTIMIZATION_LEVEL = 0;
				GCC_PREPROCESSOR_DEFINITIONS = (
					"DEBUG=1",
					"$(inherited)",
				);
				GCC_WARN_64_TO_32_BIT_CONVERSION = YES;
				GCC_WARN_ABOUT_RETURN_TYPE = YES_ERROR;
				GCC_WARN_UNDECLARED_SELECTOR = YES;
				GCC_WARN_UNINITIALIZED_AUTOS = YES_AGGRESSIVE;
				GCC_WARN_UNUSED_FUNCTION = YES;
				GCC_WARN_UNUSED_VARIABLE = YES;
				IPHONEOS_DEPLOYMENT_TARGET = 18.4;
				LOCALIZATION_PREFERS_STRING_CATALOGS = YES;
				MTL_ENABLE_DEBUG_INFO = INCLUDE_SOURCE;
				MTL_FAST_MATH = YES;
				ONLY_ACTIVE_ARCH = YES;
				SDKROOT = iphoneos;
				SWIFT_ACTIVE_COMPILATION_CONDITIONS = "DEBUG $(inherited)";
				SWIFT_OPTIMIZATION_LEVEL = "-Onone";
			};
			name = Debug;
		};
		5EE0EA3F2D9B3AE8007749F7 /* Release */ = {
			isa = XCBuildConfiguration;
			buildSettings = {
				ALWAYS_SEARCH_USER_PATHS = NO;
				ASSETCATALOG_COMPILER_GENERATE_SWIFT_ASSET_SYMBOL_EXTENSIONS = YES;
				CLANG_ANALYZER_NONNULL = YES;
				CLANG_ANALYZER_NUMBER_OBJECT_CONVERSION = YES_AGGRESSIVE;
				CLANG_CXX_LANGUAGE_STANDARD = "gnu++20";
				CLANG_ENABLE_MODULES = YES;
				CLANG_ENABLE_OBJC_ARC = YES;
				CLANG_ENABLE_OBJC_WEAK = YES;
				CLANG_WARN_BLOCK_CAPTURE_AUTORELEASING = YES;
				CLANG_WARN_BOOL_CONVERSION = YES;
				CLANG_WARN_COMMA = YES;
				CLANG_WARN_CONSTANT_CONVERSION = YES;
				CLANG_WARN_DEPRECATED_OBJC_IMPLEMENTATIONS = YES;
				CLANG_WARN_DIRECT_OBJC_ISA_USAGE = YES_ERROR;
				CLANG_WARN_DOCUMENTATION_COMMENTS = YES;
				CLANG_WARN_EMPTY_BODY = YES;
				CLANG_WARN_ENUM_CONVERSION = YES;
				CLANG_WARN_INFINITE_RECURSION = YES;
				CLANG_WARN_INT_CONVERSION = YES;
				CLANG_WARN_NON_LITERAL_NULL_CONVERSION = YES;
				CLANG_WARN_OBJC_IMPLICIT_RETAIN_SELF = YES;
				CLANG_WARN_OBJC_LITERAL_CONVERSION = YES;
				CLANG_WARN_OBJC_ROOT_CLASS = YES_ERROR;
				CLANG_WARN_QUOTED_INCLUDE_IN_FRAMEWORK_HEADER = YES;
				CLANG_WARN_RANGE_LOOP_ANALYSIS = YES;
				CLANG_WARN_STRICT_PROTOTYPES = YES;
				CLANG_WARN_SUSPICIOUS_MOVE = YES;
				CLANG_WARN_UNGUARDED_AVAILABILITY = YES_AGGRESSIVE;
				CLANG_WARN_UNREACHABLE_CODE = YES;
				CLANG_WARN__DUPLICATE_METHOD_MATCH = YES;
				COPY_PHASE_STRIP = NO;
				DEBUG_INFORMATION_FORMAT = "dwarf-with-dsym";
				ENABLE_NS_ASSERTIONS = NO;
				ENABLE_STRICT_OBJC_MSGSEND = YES;
				ENABLE_USER_SCRIPT_SANDBOXING = YES;
				GCC_C_LANGUAGE_STANDARD = gnu17;
				GCC_NO_COMMON_BLOCKS = YES;
				GCC_WARN_64_TO_32_BIT_CONVERSION = YES;
				GCC_WARN_ABOUT_RETURN_TYPE = YES_ERROR;
				GCC_WARN_UNDECLARED_SELECTOR = YES;
				GCC_WARN_UNINITIALIZED_AUTOS = YES_AGGRESSIVE;
				GCC_WARN_UNUSED_FUNCTION = YES;
				GCC_WARN_UNUSED_VARIABLE = YES;
				IPHONEOS_DEPLOYMENT_TARGET = 18.4;
				LOCALIZATION_PREFERS_STRING_CATALOGS = YES;
				MTL_ENABLE_DEBUG_INFO = NO;
				MTL_FAST_MATH = YES;
				SDKROOT = iphoneos;
				SWIFT_COMPILATION_MODE = wholemodule;
				VALIDATE_PRODUCT = YES;
			};
			name = Release;
		};
		5EE0EA412D9B3AE8007749F7 /* Debug */ = {
			isa = XCBuildConfiguration;
			buildSettings = {
				ASSETCATALOG_COMPILER_APPICON_NAME = AppIcon;
				ASSETCATALOG_COMPILER_GLOBAL_ACCENT_COLOR_NAME = AccentColor;
				CODE_SIGN_STYLE = Automatic;
				CURRENT_PROJECT_VERSION = 1;
				ENABLE_PREVIEWS = YES;
				GENERATE_INFOPLIST_FILE = YES;
				INFOPLIST_KEY_UIApplicationSceneManifest_Generation = YES;
				INFOPLIST_KEY_UIApplicationSupportsIndirectInputEvents = YES;
				INFOPLIST_KEY_UILaunchScreen_Generation = YES;
				INFOPLIST_KEY_UISupportedInterfaceOrientations_iPad = "UIInterfaceOrientationPortrait UIInterfaceOrientationPortraitUpsideDown UIInterfaceOrientationLandscapeLeft UIInterfaceOrientationLandscapeRight";
				INFOPLIST_KEY_UISupportedInterfaceOrientations_iPhone = "UIInterfaceOrientationPortrait UIInterfaceOrientationLandscapeLeft UIInterfaceOrientationLandscapeRight";
				LD_RUNPATH_SEARCH_PATHS = (
					"$(inherited)",
					"@executable_path/Frameworks",
				);
				MARKETING_VERSION = 1.0;
				PRODUCT_BUNDLE_IDENTIFIER = "AIM-Robotics-Industries.Minimalist-Notebooks";
				PRODUCT_NAME = "$(TARGET_NAME)";
				SWIFT_EMIT_LOC_STRINGS = YES;
				SWIFT_VERSION = 5.0;
				TARGETED_DEVICE_FAMILY = "1,2";
			};
			name = Debug;
		};
		5EE0EA422D9B3AE8007749F7 /* Release */ = {
			isa = XCBuildConfiguration;
			buildSettings = {
				ASSETCATALOG_COMPILER_APPICON_NAME = AppIcon;
				ASSETCATALOG_COMPILER_GLOBAL_ACCENT_COLOR_NAME = AccentColor;
				CODE_SIGN_STYLE = Automatic;
				CURRENT_PROJECT_VERSION = 1;
				ENABLE_PREVIEWS = YES;
				GENERATE_INFOPLIST_FILE = YES;
				INFOPLIST_KEY_UIApplicationSceneManifest_Generation = YES;
				INFOPLIST_KEY_UIApplicationSupportsIndirectInputEvents = YES;
				INFOPLIST_KEY_UILaunchScreen_Generation = YES;
				INFOPLIST_KEY_UISupportedInterfaceOrientations_iPad = "UIInterfaceOrientationPortrait UIInterfaceOrientationPortraitUpsideDown UIInterfaceOrientationLandscapeLeft UIInterfaceOrientationLandscapeRight";
				INFOPLIST_KEY_UISupportedInterfaceOrientations_iPhone = "UIInterfaceOrientationPortrait UIInterfaceOrientationLandscapeLeft UIInterfaceOrientationLandscapeRight";
				LD_RUNPATH_SEARCH_PATHS = (
					"$(inherited)",
					"@executable_path/Frameworks",
				);
				MARKETING_VERSION = 1.0;
				PRODUCT_BUNDLE_IDENTIFIER = "AIM-Robotics-Industries.Minimalist-Notebooks";
				PRODUCT_NAME = "$(TARGET_NAME)";
				SWIFT_EMIT_LOC_STRINGS = YES;
				SWIFT_VERSION = 5.0;
				TARGETED_DEVICE_FAMILY = "1,2";
			};
			name = Release;
		};
		5EE0EA442D9B3AE8007749F7 /* Debug */ = {
			isa = XCBuildConfiguration;
			buildSettings = {
				BUNDLE_LOADER = "$(TEST_HOST)";
				CODE_SIGN_STYLE = Automatic;
				CURRENT_PROJECT_VERSION = 1;
				GENERATE_INFOPLIST_FILE = YES;
				IPHONEOS_DEPLOYMENT_TARGET = 18.4;
				MARKETING_VERSION = 1.0;
				PRODUCT_BUNDLE_IDENTIFIER = "AIM-Robotics-Industries.Minimalist-NotebooksTests";
				PRODUCT_NAME = "$(TARGET_NAME)";
				SWIFT_EMIT_LOC_STRINGS = NO;
				SWIFT_VERSION = 5.0;
				TARGETED_DEVICE_FAMILY = "1,2";
				TEST_HOST = "$(BUILT_PRODUCTS_DIR)/Minimalist Notebooks.app/$(BUNDLE_EXECUTABLE_FOLDER_PATH)/Minimalist Notebooks";
			};
			name = Debug;
		};
		5EE0EA452D9B3AE8007749F7 /* Release */ = {
			isa = XCBuildConfiguration;
			buildSettings = {
				BUNDLE_LOADER = "$(TEST_HOST)";
				CODE_SIGN_STYLE = Automatic;
				CURRENT_PROJECT_VERSION = 1;
				GENERATE_INFOPLIST_FILE = YES;
				IPHONEOS_DEPLOYMENT_TARGET = 18.4;
				MARKETING_VERSION = 1.0;
				PRODUCT_BUNDLE_IDENTIFIER = "AIM-Robotics-Industries.Minimalist-NotebooksTests";
				PRODUCT_NAME = "$(TARGET_NAME)";
				SWIFT_EMIT_LOC_STRINGS = NO;
				SWIFT_VERSION = 5.0;
				TARGETED_DEVICE_FAMILY = "1,2";
				TEST_HOST = "$(BUILT_PRODUCTS_DIR)/Minimalist Notebooks.app/$(BUNDLE_EXECUTABLE_FOLDER_PATH)/Minimalist Notebooks";
			};
			name = Release;
		};
		5EE0EA472D9B3AE8007749F7 /* Debug */ = {
			isa = XCBuildConfiguration;
			buildSettings = {
				CODE_SIGN_STYLE = Automatic;
				CURRENT_PROJECT_VERSION = 1;
				GENERATE_INFOPLIST_FILE = YES;
				MARKETING_VERSION = 1.0;
				PRODUCT_BUNDLE_IDENTIFIER = "AIM-Robotics-Industries.Minimalist-NotebooksUITests";
				PRODUCT_NAME = "$(TARGET_NAME)";
				SWIFT_EMIT_LOC_STRINGS = NO;
				SWIFT_VERSION = 5.0;
				TARGETED_DEVICE_FAMILY = "1,2";
				TEST_TARGET_NAME = "Minimalist Notebooks";
			};
			name = Debug;
		};
		5EE0EA482D9B3AE8007749F7 /* Release */ = {
			isa = XCBuildConfiguration;
			buildSettings = {
				CODE_SIGN_STYLE = Automatic;
				CURRENT_PROJECT_VERSION = 1;
				GENERATE_INFOPLIST_FILE = YES;
				MARKETING_VERSION = 1.0;
				PRODUCT_BUNDLE_IDENTIFIER = "AIM-Robotics-Industries.Minimalist-NotebooksUITests";
				PRODUCT_NAME = "$(TARGET_NAME)";
				SWIFT_EMIT_LOC_STRINGS = NO;
				SWIFT_VERSION = 5.0;
				TARGETED_DEVICE_FAMILY = "1,2";
				TEST_TARGET_NAME = "Minimalist Notebooks";
			};
			name = Release;
		};
/* End XCBuildConfiguration section */

/* Begin XCConfigurationList section */
		5EE0EA1A2D9B3AE6007749F7 /* Build configuration list for PBXProject "Minimalist Notebooks" */ = {
			isa = XCConfigurationList;
			buildConfigurations = (
				5EE0EA3E2D9B3AE8007749F7 /* Debug */,
				5EE0EA3F2D9B3AE8007749F7 /* Release */,
			);
			defaultConfigurationIsVisible = 0;
			defaultConfigurationName = Release;
		};
		5EE0EA402D9B3AE8007749F7 /* Build configuration list for PBXNativeTarget "Minimalist Notebooks" */ = {
			isa = XCConfigurationList;
			buildConfigurations = (
				5EE0EA412D9B3AE8007749F7 /* Debug */,
				5EE0EA422D9B3AE8007749F7 /* Release */,
			);
			defaultConfigurationIsVisible = 0;
			defaultConfigurationName = Release;
		};
		5EE0EA432D9B3AE8007749F7 /* Build configuration list for PBXNativeTarget "Minimalist NotebooksTests" */ = {
			isa = XCConfigurationList;
			buildConfigurations = (
				5EE0EA442D9B3AE8007749F7 /* Debug */,
				5EE0EA452D9B3AE8007749F7 /* Release */,
			);
			defaultConfigurationIsVisible = 0;
			defaultConfigurationName = Release;
		};
		5EE0EA462D9B3AE8007749F7 /* Build configuration list for PBXNativeTarget "Minimalist NotebooksUITests" */ = {
			isa = XCConfigurationList;
			buildConfigurations = (
				5EE0EA472D9B3AE8007749F7 /* Debug */,
				5EE0EA482D9B3AE8007749F7 /* Release */,
			);
			defaultConfigurationIsVisible = 0;
			defaultConfigurationName = Release;
		};
/* End XCConfigurationList section */
	};
	rootObject = 5EE0EA172D9B3AE6007749F7 /* Project object */;
}
